
Microsoft Visual Studio Solution File, Format Version 12.00
# Visual Studio Version 16
VisualStudioVersion = 16.0.30503.244
MinimumVisualStudioVersion = 10.0.40219.1
Project("{FAE04EC0-301F-11D3-BF4B-00C04F79EFBC}") = "Practical", "Practical\Practical.csproj", "{291B848C-7FAC-4A1A-BAAC-B049F0BFA286}"
EndProject
Global
	GlobalSection(SolutionConfigurationPlatforms) = preSolution
		Debug|Any CPU = Debug|Any CPU
		Release|Any CPU = Release|Any CPU
	EndGlobalSection
	GlobalSection(ProjectConfigurationPlatforms) = postSolution
		{291B848C-7FAC-4A1A-BAAC-B049F0BFA286}.Debug|Any CPU.ActiveCfg = Debug|Any CPU
		{291B848C-7FAC-4A1A-BAAC-B049F0BFA286}.Debug|Any CPU.Build.0 = Debug|Any CPU
		{291B848C-7FAC-4A1A-BAAC-B049F0BFA286}.Release|Any CPU.ActiveCfg = Release|Any CPU
		{291B848C-7FAC-4A1A-BAAC-B049F0BFA286}.Release|Any CPU.Build.0 = Release|Any CPU
	EndGlobalSection
	GlobalSection(SolutionProperties) = preSolution
		HideSolutionNode = FALSE
	EndGlobalSection
	GlobalSection(ExtensibilityGlobals) = postSolution
		SolutionGuid = {756C2716-3F97-4B26-8C0F-A6E2458D6DC4}
	EndGlobalSection
EndGlobal
